<?xml version="1.0" encoding="utf-8"?>
<Project ToolsVersion="4.0" xmlns="http://schemas.microsoft.com/developer/msbuild/2003">
  <ItemGroup>
    <Filter Include="Source Files">
      <UniqueIdentifier>{4FC737F1-C7A5-4376-A066-2A32D752A2FF}</UniqueIdentifier>
      <Extensions>cpp;c;cc;cxx;c++;cppm;ixx;def;odl;idl;hpj;bat;asm;asmx</Extensions>
    </Filter>
    <Filter Include="Header Files">
      <UniqueIdentifier>{93995380-89BD-4b04-88EB-625FBE52EBFB}</UniqueIdentifier>
      <Extensions>h;hh;hpp;hxx;h++;hm;inl;inc;ipp;xsd</Extensions>
    </Filter>
    <Filter Include="Resource Files">
      <UniqueIdentifier>{67DA6AB6-F800-4c08-8B7A-83BB121AAD01}</UniqueIdentifier>
      <Extensions>rc;ico;cur;bmp;dlg;rc2;rct;bin;rgs;gif;jpg;jpeg;jpe;resx;tiff;tif;png;wav;mfcribbon-ms</Extensions>
    </Filter>
    <Filter Include="Source Files\Gameobject">
      <UniqueIdentifier>{d06ba8c8-6194-440c-b48e-6f0d74dc4bb2}</UniqueIdentifier>
    </Filter>
    <Filter Include="Source Files\Gameobject\Component">
      <UniqueIdentifier>{b94f840c-65ec-4f77-ae43-1add5cdd8309}</UniqueIdentifier>
    </Filter>
    <Filter Include="Source Files\Gameobject\Component\Collider">
      <UniqueIdentifier>{51eaac1d-a8c2-48ec-a3a2-06c84362254a}</UniqueIdentifier>
    </Filter>
    <Filter Include="Header Files\Gameobject">
      <UniqueIdentifier>{0c67464f-6314-4853-b4b5-20b3dc3f8704}</UniqueIdentifier>
    </Filter>
    <Filter Include="Header Files\Gameobject\Component">
      <UniqueIdentifier>{ce28691c-f3e7-4535-97f9-5205546d8d30}</UniqueIdentifier>
    </Filter>
    <Filter Include="Header Files\Gameobject\Component\Collider">
      <UniqueIdentifier>{286e57ea-b2fb-439f-965a-33ff48cc0f3b}</UniqueIdentifier>
    </Filter>
  </ItemGroup>
  <ItemGroup>
    <ClCompile Include="Source.cpp">
      <Filter>Source Files</Filter>
    </ClCompile>
    <ClCompile Include="Moteur.cpp">
      <Filter>Source Files</Filter>
    </ClCompile>
    <ClCompile Include="Utils.cpp">
      <Filter>Source Files</Filter>
    </ClCompile>
    <ClCompile Include="Input.cpp">
      <Filter>Source Files</Filter>
    </ClCompile>
    <ClCompile Include="GoTester.cpp">
      <Filter>Source Files</Filter>
    </ClCompile>
    <ClCompile Include="Collider.cpp">
      <Filter>Source Files\Gameobject\Component\Collider</Filter>
    </ClCompile>
    <ClCompile Include="ColliderCube.cpp">
      <Filter>Source Files\Gameobject\Component\Collider</Filter>
    </ClCompile>
    <ClCompile Include="ColliderManager.cpp">
      <Filter>Source Files\Gameobject\Component\Collider</Filter>
    </ClCompile>
    <ClCompile Include="ColliderSphere.cpp">
      <Filter>Source Files\Gameobject\Component\Collider</Filter>
    </ClCompile>
    <ClCompile Include="Component.cpp">
      <Filter>Source Files\Gameobject\Component</Filter>
    </ClCompile>
    <ClCompile Include="Mesh.cpp">
      <Filter>Source Files\Gameobject\Component</Filter>
    </ClCompile>
    <ClCompile Include="GameObject.cpp">
      <Filter>Source Files\Gameobject</Filter>
    </ClCompile>
    <ClCompile Include="Transform.cpp">
      <Filter>Source Files\Gameobject</Filter>
    </ClCompile>
    <ClCompile Include="Camera.cpp">
      <Filter>Source Files\Gameobject\Component</Filter>
    </ClCompile>
    <ClCompile Include="Shader.cpp">
      <Filter>Source Files</Filter>
    </ClCompile>
    <ClCompile Include="TimeManager.cpp">
      <Filter>Source Files</Filter>
    </ClCompile>
  </ItemGroup>
  <ItemGroup>
    <ClInclude Include="Moteur.h">
      <Filter>Header Files</Filter>
    </ClInclude>
    <ClInclude Include="Utils.h">
      <Filter>Header Files</Filter>
    </ClInclude>
    <ClInclude Include="Input.h">
      <Filter>Header Files</Filter>
    </ClInclude>
    <ClInclude Include="GoTester.h">
      <Filter>Header Files</Filter>
    </ClInclude>
    <ClInclude Include="Collider.h">
      <Filter>Header Files\Gameobject\Component\Collider</Filter>
    </ClInclude>
    <ClInclude Include="ColliderCube.h">
      <Filter>Header Files\Gameobject\Component\Collider</Filter>
    </ClInclude>
    <ClInclude Include="ColliderSphere.h">
      <Filter>Header Files\Gameobject\Component\Collider</Filter>
    </ClInclude>
    <ClInclude Include="ColliderManager.h">
      <Filter>Header Files\Gameobject\Component\Collider</Filter>
    </ClInclude>
    <ClInclude Include="Component.h">
      <Filter>Header Files\Gameobject\Component</Filter>
    </ClInclude>
    <ClInclude Include="Mesh.h">
      <Filter>Header Files\Gameobject\Component</Filter>
    </ClInclude>
    <ClInclude Include="GameObject.h">
      <Filter>Header Files\Gameobject</Filter>
    </ClInclude>
    <ClInclude Include="Transform.h">
      <Filter>Header Files\Gameobject</Filter>
    </ClInclude>
    <ClInclude Include="Camera.h">
      <Filter>Header Files\Gameobject\Component</Filter>
    </ClInclude>
    <ClInclude Include="Shader.h">
      <Filter>Header Files</Filter>
    </ClInclude>
    <ClInclude Include="TimeManager.h">
      <Filter>Header Files</Filter>
    </ClInclude>
  </ItemGroup>
</Project>